
Microsoft Visual Studio Solution File, Format Version 12.00
# Visual Studio Version 17
VisualStudioVersion = 17.0.32112.339
MinimumVisualStudioVersion = 10.0.40219.1
Project("{FAE04EC0-301F-11D3-BF4B-00C04F79EFBC}") = "FMRun", "FMRun\FMRun.csproj", "{626C338C-8E29-4279-BB57-14C7ECDC004D}"
EndProject
Global
	GlobalSection(SolutionConfigurationPlatforms) = preSolution
		Debug|Any CPU = Debug|Any CPU
		Release|Any CPU = Release|Any CPU
	EndGlobalSection
	GlobalSection(ProjectConfigurationPlatforms) = postSolution
		{626C338C-8E29-4279-BB57-14C7ECDC004D}.Debug|Any CPU.ActiveCfg = Debug|Any CPU
		{626C338C-8E29-4279-BB57-14C7ECDC004D}.Debug|Any CPU.Build.0 = Debug|Any CPU
		{626C338C-8E29-4279-BB57-14C7ECDC004D}.Release|Any CPU.ActiveCfg = Release|Any CPU
		{626C338C-8E29-4279-BB57-14C7ECDC004D}.Release|Any CPU.Build.0 = Release|Any CPU
	EndGlobalSection
	GlobalSection(SolutionProperties) = preSolution
		HideSolutionNode = FALSE
	EndGlobalSection
	GlobalSection(ExtensibilityGlobals) = postSolution
		SolutionGuid = {98E30CFC-2474-4291-859A-E4CD6173CCF3}
	EndGlobalSection
EndGlobal
